
Microsoft Visual Studio Solution File, Format Version 12.00
Project("{FAE04EC0-301F-11D3-BF4B-00C04F79EFBC}") = "AdventOfCode24", "AdventOfCode24\AdventOfCode24.csproj", "{FE006D17-E310-4EC4-9B99-1749ED384356}"
EndProject
Global
	GlobalSection(SolutionConfigurationPlatforms) = preSolution
		Debug|Any CPU = Debug|Any CPU
		Release|Any CPU = Release|Any CPU
	EndGlobalSection
	GlobalSection(ProjectConfigurationPlatforms) = postSolution
		{FE006D17-E310-4EC4-9B99-1749ED384356}.Debug|Any CPU.ActiveCfg = Debug|Any CPU
		{FE006D17-E310-4EC4-9B99-1749ED384356}.Debug|Any CPU.Build.0 = Debug|Any CPU
		{FE006D17-E310-4EC4-9B99-1749ED384356}.Release|Any CPU.ActiveCfg = Release|Any CPU
		{FE006D17-E310-4EC4-9B99-1749ED384356}.Release|Any CPU.Build.0 = Release|Any CPU
	EndGlobalSection
EndGlobal
